// !$*UTF8*$!
{
	archiveVersion = 1;
	classes = {
	};
	objectVersion = 42;
	objects = {

/* Begin PBXBuildFile section */
		8DD76F6A0486A84900D96B5E /* Program6.1 in CopyFiles */ = {isa = PBXBuildFile; fileRef = C6859E8B029090EE04C91782 /* Program6.1 */; };
		E4382F0709AEB4B1005720EE /* libstdc++.a in Frameworks */ = {isa = PBXBuildFile; fileRef = E4382F0609AEB4B1005720EE /* libstdc++.a */; };
		E4E829430641F41500C8CCC8 /* Coe6.cpp in Sources */ = {isa = PBXBuildFile; fileRef = E4E829400641F41500C8CCC8 /* Coe6.cpp */; };
		E4E829440641F41500C8CCC8 /* Coe6.h in Headers */ = {isa = PBXBuildFile; fileRef = E4E829410641F41500C8CCC8 /* Coe6.h */; };
		E4E829450641F41500C8CCC8 /* Coe6Imp.cpp in Sources */ = {isa = PBXBuildFile; fileRef = E4E829420641F41500C8CCC8 /* Coe6Imp.cpp */; };
/* End PBXBuildFile section */

/* Begin PBXBuildStyle section */
		014CEA460018CE2711CA2923 /* Development */ = {
			isa = PBXBuildStyle;
			buildSettings = {
				COPY_PHASE_STRIP = NO;
				DEBUGGING_SYMBOLS = YES;
				GCC_DYNAMIC_NO_PIC = NO;
				GCC_ENABLE_FIX_AND_CONTINUE = YES;
				GCC_GENERATE_DEBUGGING_SYMBOLS = YES;
				GCC_OPTIMIZATION_LEVEL = 0;
				OPTIMIZATION_CFLAGS = "-O0";
				ZERO_LINK = YES;
			};
			name = Development;
		};
		014CEA470018CE2711CA2923 /* Deployment */ = {
			isa = PBXBuildStyle;
			buildSettings = {
				COPY_PHASE_STRIP = YES;
				GCC_ENABLE_FIX_AND_CONTINUE = NO;
				ZERO_LINK = NO;
			};
			name = Deployment;
		};
/* End PBXBuildStyle section */

/* Begin PBXCopyFilesBuildPhase section */
		8DD76F690486A84900D96B5E /* CopyFiles */ = {
			isa = PBXCopyFilesBuildPhase;
			buildActionMask = 8;
			dstPath = /usr/share/man/man1/;
			dstSubfolderSpec = 0;
			files = (
				8DD76F6A0486A84900D96B5E /* Program6.1 in CopyFiles */,
			);
			runOnlyForDeploymentPostprocessing = 1;
		};
/* End PBXCopyFilesBuildPhase section */

/* Begin PBXFileReference section */
		8DD76F6C0486A84900D96B5E /* Program6 */ = {isa = PBXFileReference; explicitFileType = "compiled.mach-o.executable"; includeInIndex = 0; path = Program6; sourceTree = BUILT_PRODUCTS_DIR; };
		C6859E8B029090EE04C91782 /* Program6.1 */ = {isa = PBXFileReference; lastKnownFileType = text.man; path = Program6.1; sourceTree = "<group>"; };
		E4382F0609AEB4B1005720EE /* libstdc++.a */ = {isa = PBXFileReference; lastKnownFileType = archive.ar; name = "libstdc++.a"; path = "/Developer/SDKs/MacOSX10.4u.sdk/usr/lib/gcc/powerpc-apple-darwin8/4.0.0/libstdc++.a"; sourceTree = "<absolute>"; };
		E4E829400641F41500C8CCC8 /* Coe6.cpp */ = {isa = PBXFileReference; fileEncoding = 30; lastKnownFileType = sourcecode.cpp.cpp; path = Coe6.cpp; sourceTree = "<group>"; };
		E4E829410641F41500C8CCC8 /* Coe6.h */ = {isa = PBXFileReference; fileEncoding = 30; lastKnownFileType = sourcecode.c.h; path = Coe6.h; sourceTree = "<group>"; };
		E4E829420641F41500C8CCC8 /* Coe6Imp.cpp */ = {isa = PBXFileReference; fileEncoding = 30; lastKnownFileType = sourcecode.cpp.cpp; path = Coe6Imp.cpp; sourceTree = "<group>"; };
/* End PBXFileReference section */

/* Begin PBXFrameworksBuildPhase section */
		8DD76F660486A84900D96B5E /* Frameworks */ = {
			isa = PBXFrameworksBuildPhase;
			buildActionMask = 2147483647;
			files = (
				E4382F0709AEB4B1005720EE /* libstdc++.a in Frameworks */,
			);
			runOnlyForDeploymentPostprocessing = 0;
		};
/* End PBXFrameworksBuildPhase section */

/* Begin PBXGroup section */
		0249A662FF388D9811CA2CEA /* External Frameworks and Libraries */ = {
			isa = PBXGroup;
			children = (
				E4382F0609AEB4B1005720EE /* libstdc++.a */,
			);
			name = "External Frameworks and Libraries";
			sourceTree = "<group>";
		};
		08FB7794FE84155DC02AAC07 /* Program6 */ = {
			isa = PBXGroup;
			children = (
				08FB7795FE84155DC02AAC07 /* Source */,
				C6859E8C029090F304C91782 /* Documentation */,
				0249A662FF388D9811CA2CEA /* External Frameworks and Libraries */,
				1AB674ADFE9D54B511CA2CBB /* Products */,
			);
			name = Program6;
			sourceTree = "<group>";
		};
		08FB7795FE84155DC02AAC07 /* Source */ = {
			isa = PBXGroup;
			children = (
				E4E829410641F41500C8CCC8 /* Coe6.h */,
				E4E829420641F41500C8CCC8 /* Coe6Imp.cpp */,
				E4E829400641F41500C8CCC8 /* Coe6.cpp */,
			);
			name = Source;
			sourceTree = "<group>";
		};
		1AB674ADFE9D54B511CA2CBB /* Products */ = {
			isa = PBXGroup;
			children = (
				8DD76F6C0486A84900D96B5E /* Program6 */,
			);
			name = Products;
			sourceTree = "<group>";
		};
		C6859E8C029090F304C91782 /* Documentation */ = {
			isa = PBXGroup;
			children = (
				C6859E8B029090EE04C91782 /* Program6.1 */,
			);
			name = Documentation;
			sourceTree = "<group>";
		};
/* End PBXGroup section */

/* Begin PBXHeadersBuildPhase section */
		8DD76F630486A84900D96B5E /* Headers */ = {
			isa = PBXHeadersBuildPhase;
			buildActionMask = 2147483647;
			files = (
				E4E829440641F41500C8CCC8 /* Coe6.h in Headers */,
			);
			runOnlyForDeploymentPostprocessing = 0;
		};
/* End PBXHeadersBuildPhase section */

/* Begin PBXNativeTarget section */
		8DD76F620486A84900D96B5E /* Program6 */ = {
			isa = PBXNativeTarget;
			buildConfigurationList = E4382EFE09AEB4A2005720EE /* Build configuration list for PBXNativeTarget "Program6" */;
			buildPhases = (
				8DD76F630486A84900D96B5E /* Headers */,
				8DD76F640486A84900D96B5E /* Sources */,
				8DD76F660486A84900D96B5E /* Frameworks */,
				8DD76F680486A84900D96B5E /* Rez */,
				8DD76F690486A84900D96B5E /* CopyFiles */,
			);
			buildRules = (
			);
			buildSettings = {
				FRAMEWORK_SEARCH_PATHS = "";
				GCC_ENABLE_TRIGRAPHS = NO;
				GCC_GENERATE_DEBUGGING_SYMBOLS = NO;
				GCC_PRECOMPILE_PREFIX_HEADER = NO;
				GCC_WARN_ABOUT_MISSING_PROTOTYPES = NO;
				GCC_WARN_FOUR_CHARACTER_CONSTANTS = NO;
				GCC_WARN_UNKNOWN_PRAGMAS = NO;
				HEADER_SEARCH_PATHS = "";
				INSTALL_PATH = "$(HOME)/bin";
				LIBRARY_SEARCH_PATHS = "";
				OTHER_LDFLAGS = "";
				PRODUCT_NAME = Program6;
				WARNING_CFLAGS = (
					"-Wmost",
					"-Wno-four-char-constants",
					"-Wno-unknown-pragmas",
				);
			};
			dependencies = (
			);
			name = Program6;
			productInstallPath = "$(HOME)/bin";
			productName = Program6;
			productReference = 8DD76F6C0486A84900D96B5E /* Program6 */;
			productType = "com.apple.product-type.tool";
		};
/* End PBXNativeTarget section */

/* Begin PBXProject section */
		08FB7793FE84155DC02AAC07 /* Project object */ = {
			isa = PBXProject;
			buildConfigurationList = E4382F0209AEB4A2005720EE /* Build configuration list for PBXProject "Program6" */;
			buildSettings = {
			};
			buildStyles = (
				014CEA460018CE2711CA2923 /* Development */,
				014CEA470018CE2711CA2923 /* Deployment */,
			);
			hasScannedForEncodings = 1;
			mainGroup = 08FB7794FE84155DC02AAC07 /* Program6 */;
			projectDirPath = "";
			targets = (
				8DD76F620486A84900D96B5E /* Program6 */,
			);
		};
/* End PBXProject section */

/* Begin PBXRezBuildPhase section */
		8DD76F680486A84900D96B5E /* Rez */ = {
			isa = PBXRezBuildPhase;
			buildActionMask = 2147483647;
			files = (
			);
			runOnlyForDeploymentPostprocessing = 0;
		};
/* End PBXRezBuildPhase section */

/* Begin PBXSourcesBuildPhase section */
		8DD76F640486A84900D96B5E /* Sources */ = {
			isa = PBXSourcesBuildPhase;
			buildActionMask = 2147483647;
			files = (
				E4E829430641F41500C8CCC8 /* Coe6.cpp in Sources */,
				E4E829450641F41500C8CCC8 /* Coe6Imp.cpp in Sources */,
			);
			runOnlyForDeploymentPostprocessing = 0;
		};
/* End PBXSourcesBuildPhase section */

/* Begin XCBuildConfiguration section */
		E4382EFF09AEB4A2005720EE /* Development */ = {
			isa = XCBuildConfiguration;
			buildSettings = {
				COPY_PHASE_STRIP = NO;
				DEBUGGING_SYMBOLS = YES;
				FRAMEWORK_SEARCH_PATHS = "";
				GCC_DYNAMIC_NO_PIC = NO;
				GCC_ENABLE_FIX_AND_CONTINUE = YES;
				GCC_ENABLE_TRIGRAPHS = NO;
				GCC_GENERATE_DEBUGGING_SYMBOLS = YES;
				GCC_OPTIMIZATION_LEVEL = 0;
				GCC_PRECOMPILE_PREFIX_HEADER = NO;
				GCC_WARN_ABOUT_MISSING_PROTOTYPES = NO;
				GCC_WARN_FOUR_CHARACTER_CONSTANTS = NO;
				GCC_WARN_UNKNOWN_PRAGMAS = NO;
				HEADER_SEARCH_PATHS = "";
				INSTALL_PATH = "$(HOME)/bin";
				LIBRARY_SEARCH_PATHS = (
					"$(LIBRARY_SEARCH_PATHS)",
					"$(SYSTEM_DEVELOPER_DIR)/SDKs/MacOSX10.4u.sdk/usr/lib/gcc/powerpc-apple-darwin8/4.0.0",
				);
				OPTIMIZATION_CFLAGS = "-O0";
				OTHER_LDFLAGS = "";
				PRODUCT_NAME = Program6;
				WARNING_CFLAGS = (
					"-Wmost",
					"-Wno-four-char-constants",
					"-Wno-unknown-pragmas",
				);
				ZERO_LINK = YES;
			};
			name = Development;
		};
		E4382F0009AEB4A2005720EE /* Deployment */ = {
			isa = XCBuildConfiguration;
			buildSettings = {
				COPY_PHASE_STRIP = YES;
				FRAMEWORK_SEARCH_PATHS = "";
				GCC_ENABLE_FIX_AND_CONTINUE = NO;
				GCC_ENABLE_TRIGRAPHS = NO;
				GCC_GENERATE_DEBUGGING_SYMBOLS = NO;
				GCC_PRECOMPILE_PREFIX_HEADER = NO;
				GCC_WARN_ABOUT_MISSING_PROTOTYPES = NO;
				GCC_WARN_FOUR_CHARACTER_CONSTANTS = NO;
				GCC_WARN_UNKNOWN_PRAGMAS = NO;
				HEADER_SEARCH_PATHS = "";
				INSTALL_PATH = "$(HOME)/bin";
				LIBRARY_SEARCH_PATHS = (
					"$(LIBRARY_SEARCH_PATHS)",
					"$(SYSTEM_DEVELOPER_DIR)/SDKs/MacOSX10.4u.sdk/usr/lib/gcc/powerpc-apple-darwin8/4.0.0",
				);
				OTHER_LDFLAGS = "";
				PRODUCT_NAME = Program6;
				WARNING_CFLAGS = (
					"-Wmost",
					"-Wno-four-char-constants",
					"-Wno-unknown-pragmas",
				);
				ZERO_LINK = NO;
			};
			name = Deployment;
		};
		E4382F0109AEB4A2005720EE /* Default */ = {
			isa = XCBuildConfiguration;
			buildSettings = {
				FRAMEWORK_SEARCH_PATHS = "";
				GCC_ENABLE_TRIGRAPHS = NO;
				GCC_GENERATE_DEBUGGING_SYMBOLS = NO;
				GCC_PRECOMPILE_PREFIX_HEADER = NO;
				GCC_WARN_ABOUT_MISSING_PROTOTYPES = NO;
				GCC_WARN_FOUR_CHARACTER_CONSTANTS = NO;
				GCC_WARN_UNKNOWN_PRAGMAS = NO;
				HEADER_SEARCH_PATHS = "";
				INSTALL_PATH = "$(HOME)/bin";
				LIBRARY_SEARCH_PATHS = (
					"$(LIBRARY_SEARCH_PATHS)",
					"$(SYSTEM_DEVELOPER_DIR)/SDKs/MacOSX10.4u.sdk/usr/lib/gcc/powerpc-apple-darwin8/4.0.0",
				);
				OTHER_LDFLAGS = "";
				PRODUCT_NAME = Program6;
				WARNING_CFLAGS = (
					"-Wmost",
					"-Wno-four-char-constants",
					"-Wno-unknown-pragmas",
				);
			};
			name = Default;
		};
		E4382F0309AEB4A2005720EE /* Development */ = {
			isa = XCBuildConfiguration;
			buildSettings = {
			};
			name = Development;
		};
		E4382F0409AEB4A2005720EE /* Deployment */ = {
			isa = XCBuildConfiguration;
			buildSettings = {
			};
			name = Deployment;
		};
		E4382F0509AEB4A2005720EE /* Default */ = {
			isa = XCBuildConfiguration;
			buildSettings = {
			};
			name = Default;
		};
/* End XCBuildConfiguration section */

/* Begin XCConfigurationList section */
		E4382EFE09AEB4A2005720EE /* Build configuration list for PBXNativeTarget "Program6" */ = {
			isa = XCConfigurationList;
			buildConfigurations = (
				E4382EFF09AEB4A2005720EE /* Development */,
				E4382F0009AEB4A2005720EE /* Deployment */,
				E4382F0109AEB4A2005720EE /* Default */,
			);
			defaultConfigurationIsVisible = 0;
			defaultConfigurationName = Default;
		};
		E4382F0209AEB4A2005720EE /* Build configuration list for PBXProject "Program6" */ = {
			isa = XCConfigurationList;
			buildConfigurations = (
				E4382F0309AEB4A2005720EE /* Development */,
				E4382F0409AEB4A2005720EE /* Deployment */,
				E4382F0509AEB4A2005720EE /* Default */,
			);
			defaultConfigurationIsVisible = 0;
			defaultConfigurationName = Default;
		};
/* End XCConfigurationList section */
	};
	rootObject = 08FB7793FE84155DC02AAC07 /* Project object */;
}
